
Microsoft Visual Studio Solution File, Format Version 12.00
# Visual Studio 2013
VisualStudioVersion = 12.0.21005.1
MinimumVisualStudioVersion = 10.0.40219.1
Project("{FAE04EC0-301F-11D3-BF4B-00C04F79EFBC}") = "GameStore.Web", "GameStore\GameStore.Web.csproj", "{EEC0EBF8-6FF2-4DE4-A2A3-18C803579C9E}"
EndProject
Project("{FAE04EC0-301F-11D3-BF4B-00C04F79EFBC}") = "GameStore.Data", "GameStore.Data\GameStore.Data.csproj", "{27BBDD91-B7A0-4CA4-8C53-EF62608761C3}"
EndProject
Global
	GlobalSection(SolutionConfigurationPlatforms) = preSolution
		Debug|Any CPU = Debug|Any CPU
		Release|Any CPU = Release|Any CPU
	EndGlobalSection
	GlobalSection(ProjectConfigurationPlatforms) = postSolution
		{EEC0EBF8-6FF2-4DE4-A2A3-18C803579C9E}.Debug|Any CPU.ActiveCfg = Debug|Any CPU
		{EEC0EBF8-6FF2-4DE4-A2A3-18C803579C9E}.Debug|Any CPU.Build.0 = Debug|Any CPU
		{EEC0EBF8-6FF2-4DE4-A2A3-18C803579C9E}.Release|Any CPU.ActiveCfg = Release|Any CPU
		{EEC0EBF8-6FF2-4DE4-A2A3-18C803579C9E}.Release|Any CPU.Build.0 = Release|Any CPU
		{27BBDD91-B7A0-4CA4-8C53-EF62608761C3}.Debug|Any CPU.ActiveCfg = Debug|Any CPU
		{27BBDD91-B7A0-4CA4-8C53-EF62608761C3}.Debug|Any CPU.Build.0 = Debug|Any CPU
		{27BBDD91-B7A0-4CA4-8C53-EF62608761C3}.Release|Any CPU.ActiveCfg = Release|Any CPU
		{27BBDD91-B7A0-4CA4-8C53-EF62608761C3}.Release|Any CPU.Build.0 = Release|Any CPU
	EndGlobalSection
	GlobalSection(SolutionProperties) = preSolution
		HideSolutionNode = FALSE
	EndGlobalSection
EndGlobal
